// !$*UTF8*$!
{
	archiveVersion = 1;
	classes = {
	};
	objectVersion = 46;
	objects = {

/* Begin PBXBuildFile section */
		58AADFAC1AB48AE400224403 /* favStarBlank.png in Resources */ = {isa = PBXBuildFile; fileRef = 58AADFAA1AB48AE400224403 /* favStarBlank.png */; };
		58AADFAD1AB48AE400224403 /* favStarYellow.png in Resources */ = {isa = PBXBuildFile; fileRef = 58AADFAB1AB48AE400224403 /* favStarYellow.png */; };
		741146DC1B8B887C00A26312 /* AFAcronym.swift in Sources */ = {isa = PBXBuildFile; fileRef = 741146DB1B8B887C00A26312 /* AFAcronym.swift */; };
		741146DE1B8B88C500A26312 /* AFMeaning.swift in Sources */ = {isa = PBXBuildFile; fileRef = 741146DD1B8B88C500A26312 /* AFMeaning.swift */; };
		741146E11B90A4FC00A26312 /* Q4M.framework in Frameworks */ = {isa = PBXBuildFile; fileRef = 741146E01B90A4FC00A26312 /* Q4M.framework */; };
		741146E81B90A59200A26312 /* Security.framework in Frameworks */ = {isa = PBXBuildFile; fileRef = 741146E61B90A57200A26312 /* Security.framework */; };
		741146E91B90A59A00A26312 /* AssetsLibrary.framework in Frameworks */ = {isa = PBXBuildFile; fileRef = 741146E41B90A56500A26312 /* AssetsLibrary.framework */; };
		741146EA1B90A5A300A26312 /* CoreTelephony.framework in Frameworks */ = {isa = PBXBuildFile; fileRef = 741146E21B90A55A00A26312 /* CoreTelephony.framework */; };
		741146ED1B90A5C400A26312 /* SystemConfiguration.framework in Frameworks */ = {isa = PBXBuildFile; fileRef = 741146EB1B90A5B100A26312 /* SystemConfiguration.framework */; };
		741146F81B90A68500A26312 /* CoreLocation.framework in Frameworks */ = {isa = PBXBuildFile; fileRef = 741146EE1B90A5ED00A26312 /* CoreLocation.framework */; };
		741146F91B90A69200A26312 /* AudioToolbox.framework in Frameworks */ = {isa = PBXBuildFile; fileRef = 741146F01B90A61100A26312 /* AudioToolbox.framework */; };
		741146FA1B90A69B00A26312 /* QuartzCore.framework in Frameworks */ = {isa = PBXBuildFile; fileRef = 741146F21B90A61D00A26312 /* QuartzCore.framework */; };
		741146FB1B90A6A500A26312 /* CoreText.framework in Frameworks */ = {isa = PBXBuildFile; fileRef = 741146F41B90A62800A26312 /* CoreText.framework */; };
		741146FC1B90A6AF00A26312 /* CoreMotion.framework in Frameworks */ = {isa = PBXBuildFile; fileRef = 741146F61B90A63200A26312 /* CoreMotion.framework */; };
		741147061B90AC2400A26312 /* MQAExceptionHandler.m in Sources */ = {isa = PBXBuildFile; fileRef = 741147051B90AC2400A26312 /* MQAExceptionHandler.m */; };
		8C47A46A1AC4AE5B004DB0CE /* HelpViewController.swift in Sources */ = {isa = PBXBuildFile; fileRef = 8C47A4691AC4AE5B004DB0CE /* HelpViewController.swift */; };
		8CAAD1D219FF4C86001A9E8A /* AppDelegate.swift in Sources */ = {isa = PBXBuildFile; fileRef = 8CAAD1D119FF4C86001A9E8A /* AppDelegate.swift */; };
		8CAAD1DB19FF4C86001A9E8A /* Images.xcassets in Resources */ = {isa = PBXBuildFile; fileRef = 8CAAD1DA19FF4C86001A9E8A /* Images.xcassets */; };
		8CAAD1EA19FF4C86001A9E8A /* AcroFinderTests.swift in Sources */ = {isa = PBXBuildFile; fileRef = 8CAAD1E919FF4C86001A9E8A /* AcroFinderTests.swift */; };
		8CB9DCBC1AACF50800A85961 /* AcroFinder.xcdatamodeld in Sources */ = {isa = PBXBuildFile; fileRef = 8CB9DCBA1AACF50800A85961 /* AcroFinder.xcdatamodeld */; };
		925FA6281AB35E0C003017A1 /* AboutViewController.swift in Sources */ = {isa = PBXBuildFile; fileRef = 925FA61D1AB35E0C003017A1 /* AboutViewController.swift */; };
		925FA6291AB35E0C003017A1 /* BackgroundColorController.swift in Sources */ = {isa = PBXBuildFile; fileRef = 925FA61E1AB35E0C003017A1 /* BackgroundColorController.swift */; };
		925FA62A1AB35E0C003017A1 /* FavoritesViewController.swift in Sources */ = {isa = PBXBuildFile; fileRef = 925FA61F1AB35E0C003017A1 /* FavoritesViewController.swift */; };
		925FA62B1AB35E0C003017A1 /* HistoryViewController.swift in Sources */ = {isa = PBXBuildFile; fileRef = 925FA6201AB35E0C003017A1 /* HistoryViewController.swift */; };
		925FA62C1AB35E0C003017A1 /* MostViewedController.swift in Sources */ = {isa = PBXBuildFile; fileRef = 925FA6211AB35E0C003017A1 /* MostViewedController.swift */; };
		925FA62D1AB35E0C003017A1 /* ResultsTableViewCell.swift in Sources */ = {isa = PBXBuildFile; fileRef = 925FA6221AB35E0C003017A1 /* ResultsTableViewCell.swift */; };
		925FA62E1AB35E0C003017A1 /* SearchResultsViewController.swift in Sources */ = {isa = PBXBuildFile; fileRef = 925FA6231AB35E0C003017A1 /* SearchResultsViewController.swift */; };
		925FA62F1AB35E0C003017A1 /* SearchViewController.swift in Sources */ = {isa = PBXBuildFile; fileRef = 925FA6241AB35E0C003017A1 /* SearchViewController.swift */; };
		925FA6301AB35E0C003017A1 /* SettingsViewController.swift in Sources */ = {isa = PBXBuildFile; fileRef = 925FA6251AB35E0C003017A1 /* SettingsViewController.swift */; };
		925FA6321AB35E0C003017A1 /* WebViewController.swift in Sources */ = {isa = PBXBuildFile; fileRef = 925FA6271AB35E0C003017A1 /* WebViewController.swift */; };
		925FA63B1AB35E47003017A1 /* acroFavorites.swift in Sources */ = {isa = PBXBuildFile; fileRef = 925FA6351AB35E47003017A1 /* acroFavorites.swift */; };
		925FA63C1AB35E47003017A1 /* acroHistory.swift in Sources */ = {isa = PBXBuildFile; fileRef = 925FA6361AB35E47003017A1 /* acroHistory.swift */; };
		925FA63D1AB35E47003017A1 /* acroMain.swift in Sources */ = {isa = PBXBuildFile; fileRef = 925FA6371AB35E47003017A1 /* acroMain.swift */; };
		D7661BDB1ACBFCBF0051E471 /* Main.storyboard in Resources */ = {isa = PBXBuildFile; fileRef = 4B8172761A41E491008FC2A2 /* Main.storyboard */; };
		D76919601AC09EB9009FAC43 /* NotFoundController.swift in Sources */ = {isa = PBXBuildFile; fileRef = D769195F1AC09EB9009FAC43 /* NotFoundController.swift */; };
		D76919621AC0A2F0009FAC43 /* GoogleWebController.swift in Sources */ = {isa = PBXBuildFile; fileRef = D76919611AC0A2F0009FAC43 /* GoogleWebController.swift */; };
		D7B906AE1ACAFE6F005A3723 /* acrofinder.plist in Resources */ = {isa = PBXBuildFile; fileRef = D7B906AD1ACAFE6F005A3723 /* acrofinder.plist */; };
		F663AA641B86BC5300EB9AD5 /* AboutAcroFinderController.swift in Sources */ = {isa = PBXBuildFile; fileRef = F663AA631B86BC5300EB9AD5 /* AboutAcroFinderController.swift */; };
		F663AA661B86BC6100EB9AD5 /* FavoritesTableViewCell.swift in Sources */ = {isa = PBXBuildFile; fileRef = F663AA651B86BC6100EB9AD5 /* FavoritesTableViewCell.swift */; };
		F663AA681B86BC6B00EB9AD5 /* HistoryTableViewCell.swift in Sources */ = {isa = PBXBuildFile; fileRef = F663AA671B86BC6B00EB9AD5 /* HistoryTableViewCell.swift */; };
		F663AA6A1B86BC7400EB9AD5 /* LegalViewController.swift in Sources */ = {isa = PBXBuildFile; fileRef = F663AA691B86BC7400EB9AD5 /* LegalViewController.swift */; };
		F663AA6C1B86BC7D00EB9AD5 /* MostViewedTableViewCell.swift in Sources */ = {isa = PBXBuildFile; fileRef = F663AA6B1B86BC7D00EB9AD5 /* MostViewedTableViewCell.swift */; };
		F663AA6E1B86BC8800EB9AD5 /* NewAcroController.swift in Sources */ = {isa = PBXBuildFile; fileRef = F663AA6D1B86BC8800EB9AD5 /* NewAcroController.swift */; };
		F663AA701B86BD4700EB9AD5 /* acroPopular.swift in Sources */ = {isa = PBXBuildFile; fileRef = F663AA6F1B86BD4700EB9AD5 /* acroPopular.swift */; };
		F663AA721B86BD4F00EB9AD5 /* backgroundMgr.swift in Sources */ = {isa = PBXBuildFile; fileRef = F663AA711B86BD4F00EB9AD5 /* backgroundMgr.swift */; };
		F663AA761B86BD6100EB9AD5 /* acroFlag.swift in Sources */ = {isa = PBXBuildFile; fileRef = F663AA751B86BD6100EB9AD5 /* acroFlag.swift */; };
		F6B256B71B8B2EAC007B7509 /* SwiftyJSON.swift in Sources */ = {isa = PBXBuildFile; fileRef = F6B256B61B8B2EAC007B7509 /* SwiftyJSON.swift */; };
/* End PBXBuildFile section */

/* Begin PBXContainerItemProxy section */
		8CAAD1E419FF4C86001A9E8A /* PBXContainerItemProxy */ = {
			isa = PBXContainerItemProxy;
			containerPortal = 8CAAD1C419FF4C86001A9E8A /* Project object */;
			proxyType = 1;
			remoteGlobalIDString = 8CAAD1CB19FF4C86001A9E8A;
			remoteInfo = AcroFinder;
		};
/* End PBXContainerItemProxy section */

/* Begin PBXFileReference section */
		4B8172771A41E491008FC2A2 /* Base */ = {isa = PBXFileReference; lastKnownFileType = file.storyboard; name = Base; path = Base.lproj/Main.storyboard; sourceTree = "<group>"; };
		58AADFAA1AB48AE400224403 /* favStarBlank.png */ = {isa = PBXFileReference; lastKnownFileType = image.png; name = favStarBlank.png; path = AcroFinder/images/favStarBlank.png; sourceTree = "<group>"; };
		58AADFAB1AB48AE400224403 /* favStarYellow.png */ = {isa = PBXFileReference; lastKnownFileType = image.png; name = favStarYellow.png; path = AcroFinder/images/favStarYellow.png; sourceTree = "<group>"; };
		741146DB1B8B887C00A26312 /* AFAcronym.swift */ = {isa = PBXFileReference; fileEncoding = 4; lastKnownFileType = sourcecode.swift; path = AFAcronym.swift; sourceTree = "<group>"; };
		741146DD1B8B88C500A26312 /* AFMeaning.swift */ = {isa = PBXFileReference; fileEncoding = 4; lastKnownFileType = sourcecode.swift; path = AFMeaning.swift; sourceTree = "<group>"; };
		741146E01B90A4FC00A26312 /* Q4M.framework */ = {isa = PBXFileReference; lastKnownFileType = wrapper.framework; name = Q4M.framework; path = ../../../../Downloads/Q4M.framework; sourceTree = "<group>"; };
		741146E21B90A55A00A26312 /* CoreTelephony.framework */ = {isa = PBXFileReference; lastKnownFileType = wrapper.framework; name = CoreTelephony.framework; path = System/Library/Frameworks/CoreTelephony.framework; sourceTree = SDKROOT; };
		741146E41B90A56500A26312 /* AssetsLibrary.framework */ = {isa = PBXFileReference; lastKnownFileType = wrapper.framework; name = AssetsLibrary.framework; path = System/Library/Frameworks/AssetsLibrary.framework; sourceTree = SDKROOT; };
		741146E61B90A57200A26312 /* Security.framework */ = {isa = PBXFileReference; lastKnownFileType = wrapper.framework; name = Security.framework; path = System/Library/Frameworks/Security.framework; sourceTree = SDKROOT; };
		741146EB1B90A5B100A26312 /* SystemConfiguration.framework */ = {isa = PBXFileReference; lastKnownFileType = wrapper.framework; name = SystemConfiguration.framework; path = System/Library/Frameworks/SystemConfiguration.framework; sourceTree = SDKROOT; };
		741146EE1B90A5ED00A26312 /* CoreLocation.framework */ = {isa = PBXFileReference; lastKnownFileType = wrapper.framework; name = CoreLocation.framework; path = System/Library/Frameworks/CoreLocation.framework; sourceTree = SDKROOT; };
		741146F01B90A61100A26312 /* AudioToolbox.framework */ = {isa = PBXFileReference; lastKnownFileType = wrapper.framework; name = AudioToolbox.framework; path = System/Library/Frameworks/AudioToolbox.framework; sourceTree = SDKROOT; };
		741146F21B90A61D00A26312 /* QuartzCore.framework */ = {isa = PBXFileReference; lastKnownFileType = wrapper.framework; name = QuartzCore.framework; path = System/Library/Frameworks/QuartzCore.framework; sourceTree = SDKROOT; };
		741146F41B90A62800A26312 /* CoreText.framework */ = {isa = PBXFileReference; lastKnownFileType = wrapper.framework; name = CoreText.framework; path = System/Library/Frameworks/CoreText.framework; sourceTree = SDKROOT; };
		741146F61B90A63200A26312 /* CoreMotion.framework */ = {isa = PBXFileReference; lastKnownFileType = wrapper.framework; name = CoreMotion.framework; path = System/Library/Frameworks/CoreMotion.framework; sourceTree = SDKROOT; };
		741146FE1B90A8E500A26312 /* MQAExceptionHandler.h */ = {isa = PBXFileReference; lastKnownFileType = sourcecode.c.h; path = MQAExceptionHandler.h; sourceTree = "<group>"; };
		741147041B90A9DD00A26312 /* AcroFinder-Bridging-Header.h */ = {isa = PBXFileReference; lastKnownFileType = sourcecode.c.h; path = "AcroFinder-Bridging-Header.h"; sourceTree = "<group>"; };
		741147051B90AC2400A26312 /* MQAExceptionHandler.m */ = {isa = PBXFileReference; fileEncoding = 4; lastKnownFileType = sourcecode.c.objc; path = MQAExceptionHandler.m; sourceTree = "<group>"; };
		8C47A4691AC4AE5B004DB0CE /* HelpViewController.swift */ = {isa = PBXFileReference; fileEncoding = 4; lastKnownFileType = sourcecode.swift; name = HelpViewController.swift; path = Controllers/HelpViewController.swift; sourceTree = "<group>"; };
		8CAAD1CC19FF4C86001A9E8A /* AcroFinder.app */ = {isa = PBXFileReference; explicitFileType = wrapper.application; includeInIndex = 0; path = AcroFinder.app; sourceTree = BUILT_PRODUCTS_DIR; };
		8CAAD1D019FF4C86001A9E8A /* Info.plist */ = {isa = PBXFileReference; lastKnownFileType = text.plist.xml; path = Info.plist; sourceTree = "<group>"; };
		8CAAD1D119FF4C86001A9E8A /* AppDelegate.swift */ = {isa = PBXFileReference; lastKnownFileType = sourcecode.swift; path = AppDelegate.swift; sourceTree = "<group>"; };
		8CAAD1DA19FF4C86001A9E8A /* Images.xcassets */ = {isa = PBXFileReference; lastKnownFileType = folder.assetcatalog; path = Images.xcassets; sourceTree = "<group>"; };
		8CAAD1DD19FF4C86001A9E8A /* Base */ = {isa = PBXFileReference; lastKnownFileType = file.xib; name = Base; path = Base.lproj/LaunchScreen.xib; sourceTree = "<group>"; };
		8CAAD1E319FF4C86001A9E8A /* AcroFinderTests.xctest */ = {isa = PBXFileReference; explicitFileType = wrapper.cfbundle; includeInIndex = 0; path = AcroFinderTests.xctest; sourceTree = BUILT_PRODUCTS_DIR; };
		8CAAD1E919FF4C86001A9E8A /* AcroFinderTests.swift */ = {isa = PBXFileReference; lastKnownFileType = sourcecode.swift; path = AcroFinderTests.swift; sourceTree = "<group>"; };
		8CB9DCBB1AACF50800A85961 /* AcroFinder.xcdatamodel */ = {isa = PBXFileReference; lastKnownFileType = wrapper.xcdatamodel; path = AcroFinder.xcdatamodel; sourceTree = "<group>"; };
		925FA61D1AB35E0C003017A1 /* AboutViewController.swift */ = {isa = PBXFileReference; fileEncoding = 4; lastKnownFileType = sourcecode.swift; name = AboutViewController.swift; path = Controllers/AboutViewController.swift; sourceTree = "<group>"; };
		925FA61E1AB35E0C003017A1 /* BackgroundColorController.swift */ = {isa = PBXFileReference; fileEncoding = 4; lastKnownFileType = sourcecode.swift; name = BackgroundColorController.swift; path = Controllers/BackgroundColorController.swift; sourceTree = "<group>"; };
		925FA61F1AB35E0C003017A1 /* FavoritesViewController.swift */ = {isa = PBXFileReference; fileEncoding = 4; lastKnownFileType = sourcecode.swift; name = FavoritesViewController.swift; path = Controllers/FavoritesViewController.swift; sourceTree = "<group>"; };
		925FA6201AB35E0C003017A1 /* HistoryViewController.swift */ = {isa = PBXFileReference; fileEncoding = 4; lastKnownFileType = sourcecode.swift; name = HistoryViewController.swift; path = Controllers/HistoryViewController.swift; sourceTree = "<group>"; };
		925FA6211AB35E0C003017A1 /* MostViewedController.swift */ = {isa = PBXFileReference; fileEncoding = 4; lastKnownFileType = sourcecode.swift; name = MostViewedController.swift; path = Controllers/MostViewedController.swift; sourceTree = "<group>"; };
		925FA6221AB35E0C003017A1 /* ResultsTableViewCell.swift */ = {isa = PBXFileReference; fileEncoding = 4; lastKnownFileType = sourcecode.swift; name = ResultsTableViewCell.swift; path = Controllers/ResultsTableViewCell.swift; sourceTree = "<group>"; };
		925FA6231AB35E0C003017A1 /* SearchResultsViewController.swift */ = {isa = PBXFileReference; fileEncoding = 4; lastKnownFileType = sourcecode.swift; name = SearchResultsViewController.swift; path = Controllers/SearchResultsViewController.swift; sourceTree = "<group>"; };
		925FA6241AB35E0C003017A1 /* SearchViewController.swift */ = {isa = PBXFileReference; fileEncoding = 4; lastKnownFileType = sourcecode.swift; name = SearchViewController.swift; path = Controllers/SearchViewController.swift; sourceTree = "<group>"; };
		925FA6251AB35E0C003017A1 /* SettingsViewController.swift */ = {isa = PBXFileReference; fileEncoding = 4; lastKnownFileType = sourcecode.swift; name = SettingsViewController.swift; path = Controllers/SettingsViewController.swift; sourceTree = "<group>"; };
		925FA6271AB35E0C003017A1 /* WebViewController.swift */ = {isa = PBXFileReference; fileEncoding = 4; lastKnownFileType = sourcecode.swift; name = WebViewController.swift; path = Controllers/WebViewController.swift; sourceTree = "<group>"; };
		925FA6351AB35E47003017A1 /* acroFavorites.swift */ = {isa = PBXFileReference; fileEncoding = 4; lastKnownFileType = sourcecode.swift; name = acroFavorites.swift; path = DataType/acroFavorites.swift; sourceTree = "<group>"; };
		925FA6361AB35E47003017A1 /* acroHistory.swift */ = {isa = PBXFileReference; fileEncoding = 4; lastKnownFileType = sourcecode.swift; name = acroHistory.swift; path = DataType/acroHistory.swift; sourceTree = "<group>"; };
		925FA6371AB35E47003017A1 /* acroMain.swift */ = {isa = PBXFileReference; fileEncoding = 4; lastKnownFileType = sourcecode.swift; name = acroMain.swift; path = DataType/acroMain.swift; sourceTree = "<group>"; };
		D769195F1AC09EB9009FAC43 /* NotFoundController.swift */ = {isa = PBXFileReference; fileEncoding = 4; lastKnownFileType = sourcecode.swift; name = NotFoundController.swift; path = Controllers/NotFoundController.swift; sourceTree = "<group>"; };
		D76919611AC0A2F0009FAC43 /* GoogleWebController.swift */ = {isa = PBXFileReference; fileEncoding = 4; lastKnownFileType = sourcecode.swift; name = GoogleWebController.swift; path = Controllers/GoogleWebController.swift; sourceTree = "<group>"; };
		D7B906AD1ACAFE6F005A3723 /* acrofinder.plist */ = {isa = PBXFileReference; fileEncoding = 4; lastKnownFileType = text.plist.xml; path = acrofinder.plist; sourceTree = "<group>"; };
		F663AA631B86BC5300EB9AD5 /* AboutAcroFinderController.swift */ = {isa = PBXFileReference; fileEncoding = 4; lastKnownFileType = sourcecode.swift; name = AboutAcroFinderController.swift; path = Controllers/AboutAcroFinderController.swift; sourceTree = "<group>"; };
		F663AA651B86BC6100EB9AD5 /* FavoritesTableViewCell.swift */ = {isa = PBXFileReference; fileEncoding = 4; lastKnownFileType = sourcecode.swift; name = FavoritesTableViewCell.swift; path = Controllers/FavoritesTableViewCell.swift; sourceTree = "<group>"; };
		F663AA671B86BC6B00EB9AD5 /* HistoryTableViewCell.swift */ = {isa = PBXFileReference; fileEncoding = 4; lastKnownFileType = sourcecode.swift; name = HistoryTableViewCell.swift; path = Controllers/HistoryTableViewCell.swift; sourceTree = "<group>"; };
		F663AA691B86BC7400EB9AD5 /* LegalViewController.swift */ = {isa = PBXFileReference; fileEncoding = 4; lastKnownFileType = sourcecode.swift; name = LegalViewController.swift; path = Controllers/LegalViewController.swift; sourceTree = "<group>"; };
		F663AA6B1B86BC7D00EB9AD5 /* MostViewedTableViewCell.swift */ = {isa = PBXFileReference; fileEncoding = 4; lastKnownFileType = sourcecode.swift; name = MostViewedTableViewCell.swift; path = Controllers/MostViewedTableViewCell.swift; sourceTree = "<group>"; };
		F663AA6D1B86BC8800EB9AD5 /* NewAcroController.swift */ = {isa = PBXFileReference; fileEncoding = 4; lastKnownFileType = sourcecode.swift; name = NewAcroController.swift; path = Controllers/NewAcroController.swift; sourceTree = "<group>"; };
		F663AA6F1B86BD4700EB9AD5 /* acroPopular.swift */ = {isa = PBXFileReference; fileEncoding = 4; lastKnownFileType = sourcecode.swift; name = acroPopular.swift; path = DataType/acroPopular.swift; sourceTree = "<group>"; };
		F663AA711B86BD4F00EB9AD5 /* backgroundMgr.swift */ = {isa = PBXFileReference; fileEncoding = 4; lastKnownFileType = sourcecode.swift; name = backgroundMgr.swift; path = DataType/backgroundMgr.swift; sourceTree = "<group>"; };
		F663AA751B86BD6100EB9AD5 /* acroFlag.swift */ = {isa = PBXFileReference; fileEncoding = 4; lastKnownFileType = sourcecode.swift; name = acroFlag.swift; path = DataType/acroFlag.swift; sourceTree = "<group>"; };
		F6B256B61B8B2EAC007B7509 /* SwiftyJSON.swift */ = {isa = PBXFileReference; fileEncoding = 4; lastKnownFileType = sourcecode.swift; path = SwiftyJSON.swift; sourceTree = "<group>"; };
/* End PBXFileReference section */

/* Begin PBXFrameworksBuildPhase section */
		8CAAD1C919FF4C86001A9E8A /* Frameworks */ = {
			isa = PBXFrameworksBuildPhase;
			buildActionMask = 2147483647;
			files = (
				741146FC1B90A6AF00A26312 /* CoreMotion.framework in Frameworks */,
				741146FB1B90A6A500A26312 /* CoreText.framework in Frameworks */,
				741146FA1B90A69B00A26312 /* QuartzCore.framework in Frameworks */,
				741146F91B90A69200A26312 /* AudioToolbox.framework in Frameworks */,
				741146F81B90A68500A26312 /* CoreLocation.framework in Frameworks */,
				741146ED1B90A5C400A26312 /* SystemConfiguration.framework in Frameworks */,
				741146EA1B90A5A300A26312 /* CoreTelephony.framework in Frameworks */,
				741146E91B90A59A00A26312 /* AssetsLibrary.framework in Frameworks */,
				741146E81B90A59200A26312 /* Security.framework in Frameworks */,
				741146E11B90A4FC00A26312 /* Q4M.framework in Frameworks */,
			);
			runOnlyForDeploymentPostprocessing = 0;
		};
		8CAAD1E019FF4C86001A9E8A /* Frameworks */ = {
			isa = PBXFrameworksBuildPhase;
			buildActionMask = 2147483647;
			files = (
			);
			runOnlyForDeploymentPostprocessing = 0;
		};
/* End PBXFrameworksBuildPhase section */

/* Begin PBXGroup section */
		58B6F3AE1AA2560A008254CC /* Images */ = {
			isa = PBXGroup;
			children = (
				58AADFAA1AB48AE400224403 /* favStarBlank.png */,
				58AADFAB1AB48AE400224403 /* favStarYellow.png */,
			);
			name = Images;
			path = ..;
			sourceTree = "<group>";
		};
		741146DF1B90A4D700A26312 /* Frameworks */ = {
			isa = PBXGroup;
			children = (
				741146F61B90A63200A26312 /* CoreMotion.framework */,
				741146F41B90A62800A26312 /* CoreText.framework */,
				741146F21B90A61D00A26312 /* QuartzCore.framework */,
				741146F01B90A61100A26312 /* AudioToolbox.framework */,
				741146EE1B90A5ED00A26312 /* CoreLocation.framework */,
				741146EB1B90A5B100A26312 /* SystemConfiguration.framework */,
				741146E61B90A57200A26312 /* Security.framework */,
				741146E41B90A56500A26312 /* AssetsLibrary.framework */,
				741146E21B90A55A00A26312 /* CoreTelephony.framework */,
				741146E01B90A4FC00A26312 /* Q4M.framework */,
			);
			name = Frameworks;
			sourceTree = "<group>";
		};
		8CAAD1C319FF4C86001A9E8A = {
			isa = PBXGroup;
			children = (
				8CAAD1CE19FF4C86001A9E8A /* AcroFinder */,
				8CAAD1E619FF4C86001A9E8A /* AcroFinderTests */,
				8CAAD1CD19FF4C86001A9E8A /* Products */,
			);
			sourceTree = "<group>";
		};
		8CAAD1CD19FF4C86001A9E8A /* Products */ = {
			isa = PBXGroup;
			children = (
				8CAAD1CC19FF4C86001A9E8A /* AcroFinder.app */,
				8CAAD1E319FF4C86001A9E8A /* AcroFinderTests.xctest */,
			);
			name = Products;
			sourceTree = "<group>";
		};
		8CAAD1CE19FF4C86001A9E8A /* AcroFinder */ = {
			isa = PBXGroup;
			children = (
				741146DF1B90A4D700A26312 /* Frameworks */,
				925FA6341AB35E27003017A1 /* DataType */,
				925FA6331AB35E1A003017A1 /* Controllers */,
				8CAAD1D119FF4C86001A9E8A /* AppDelegate.swift */,
				F6B256B61B8B2EAC007B7509 /* SwiftyJSON.swift */,
				4B8172761A41E491008FC2A2 /* Main.storyboard */,
				8CAAD1DC19FF4C86001A9E8A /* LaunchScreen.xib */,
				8CB9DCBA1AACF50800A85961 /* AcroFinder.xcdatamodeld */,
				8CAAD1DA19FF4C86001A9E8A /* Images.xcassets */,
				58B6F3AE1AA2560A008254CC /* Images */,
				8CAAD1CF19FF4C86001A9E8A /* Supporting Files */,
				741147041B90A9DD00A26312 /* AcroFinder-Bridging-Header.h */,
			);
			path = AcroFinder;
			sourceTree = "<group>";
		};
		8CAAD1CF19FF4C86001A9E8A /* Supporting Files */ = {
			isa = PBXGroup;
			children = (
				741147051B90AC2400A26312 /* MQAExceptionHandler.m */,
				8CAAD1D019FF4C86001A9E8A /* Info.plist */,
				D7B906AD1ACAFE6F005A3723 /* acrofinder.plist */,
				741146FE1B90A8E500A26312 /* MQAExceptionHandler.h */,
			);
			name = "Supporting Files";
			sourceTree = "<group>";
		};
		8CAAD1E619FF4C86001A9E8A /* AcroFinderTests */ = {
			isa = PBXGroup;
			children = (
				8CAAD1E919FF4C86001A9E8A /* AcroFinderTests.swift */,
			);
			path = AcroFinderTests;
			sourceTree = "<group>";
		};
		925FA6331AB35E1A003017A1 /* Controllers */ = {
			isa = PBXGroup;
			children = (
				925FA61D1AB35E0C003017A1 /* AboutViewController.swift */,
				F663AA631B86BC5300EB9AD5 /* AboutAcroFinderController.swift */,
				925FA61E1AB35E0C003017A1 /* BackgroundColorController.swift */,
				925FA61F1AB35E0C003017A1 /* FavoritesViewController.swift */,
				F663AA651B86BC6100EB9AD5 /* FavoritesTableViewCell.swift */,
				8C47A4691AC4AE5B004DB0CE /* HelpViewController.swift */,
				F663AA671B86BC6B00EB9AD5 /* HistoryTableViewCell.swift */,
				925FA6201AB35E0C003017A1 /* HistoryViewController.swift */,
				F663AA691B86BC7400EB9AD5 /* LegalViewController.swift */,
				925FA6211AB35E0C003017A1 /* MostViewedController.swift */,
				F663AA6B1B86BC7D00EB9AD5 /* MostViewedTableViewCell.swift */,
				D769195F1AC09EB9009FAC43 /* NotFoundController.swift */,
				925FA6221AB35E0C003017A1 /* ResultsTableViewCell.swift */,
				925FA6231AB35E0C003017A1 /* SearchResultsViewController.swift */,
				925FA6241AB35E0C003017A1 /* SearchViewController.swift */,
				925FA6251AB35E0C003017A1 /* SettingsViewController.swift */,
				925FA6271AB35E0C003017A1 /* WebViewController.swift */,
				D76919611AC0A2F0009FAC43 /* GoogleWebController.swift */,
				F663AA6D1B86BC8800EB9AD5 /* NewAcroController.swift */,
			);
			name = Controllers;
			sourceTree = "<group>";
		};
		925FA6341AB35E27003017A1 /* DataType */ = {
			isa = PBXGroup;
			children = (
				925FA6351AB35E47003017A1 /* acroFavorites.swift */,
				F663AA6F1B86BD4700EB9AD5 /* acroPopular.swift */,
				925FA6361AB35E47003017A1 /* acroHistory.swift */,
				925FA6371AB35E47003017A1 /* acroMain.swift */,
				F663AA711B86BD4F00EB9AD5 /* backgroundMgr.swift */,
				F663AA751B86BD6100EB9AD5 /* acroFlag.swift */,
				741146DB1B8B887C00A26312 /* AFAcronym.swift */,
				741146DD1B8B88C500A26312 /* AFMeaning.swift */,
			);
			name = DataType;
			sourceTree = "<group>";
		};
/* End PBXGroup section */

/* Begin PBXNativeTarget section */
		8CAAD1CB19FF4C86001A9E8A /* AcroFinder */ = {
			isa = PBXNativeTarget;
			buildConfigurationList = 8CAAD1ED19FF4C86001A9E8A /* Build configuration list for PBXNativeTarget "AcroFinder" */;
			buildPhases = (
				8CAAD1C819FF4C86001A9E8A /* Sources */,
				8CAAD1C919FF4C86001A9E8A /* Frameworks */,
				8CAAD1CA19FF4C86001A9E8A /* Resources */,
			);
			buildRules = (
			);
			dependencies = (
			);
			name = AcroFinder;
			productName = AcroFinder;
			productReference = 8CAAD1CC19FF4C86001A9E8A /* AcroFinder.app */;
			productType = "com.apple.product-type.application";
		};
		8CAAD1E219FF4C86001A9E8A /* AcroFinderTests */ = {
			isa = PBXNativeTarget;
			buildConfigurationList = 8CAAD1F019FF4C86001A9E8A /* Build configuration list for PBXNativeTarget "AcroFinderTests" */;
			buildPhases = (
				8CAAD1DF19FF4C86001A9E8A /* Sources */,
				8CAAD1E019FF4C86001A9E8A /* Frameworks */,
				8CAAD1E119FF4C86001A9E8A /* Resources */,
			);
			buildRules = (
			);
			dependencies = (
				8CAAD1E519FF4C86001A9E8A /* PBXTargetDependency */,
			);
			name = AcroFinderTests;
			productName = AcroFinderTests;
			productReference = 8CAAD1E319FF4C86001A9E8A /* AcroFinderTests.xctest */;
			productType = "com.apple.product-type.bundle.unit-test";
		};
/* End PBXNativeTarget section */

/* Begin PBXProject section */
		8CAAD1C419FF4C86001A9E8A /* Project object */ = {
			isa = PBXProject;
			attributes = {
				LastUpgradeCheck = 0610;
				ORGANIZATIONNAME = AcroFinder;
				TargetAttributes = {
					8CAAD1CB19FF4C86001A9E8A = {
						CreatedOnToolsVersion = 6.1;
						DevelopmentTeam = JD498CZVSU;
						SystemCapabilities = {
							com.apple.BackgroundModes = {
								enabled = 0;
							};
						};
					};
					8CAAD1E219FF4C86001A9E8A = {
						CreatedOnToolsVersion = 6.1;
						TestTargetID = 8CAAD1CB19FF4C86001A9E8A;
					};
				};
			};
			buildConfigurationList = 8CAAD1C719FF4C86001A9E8A /* Build configuration list for PBXProject "AcroFinder" */;
			compatibilityVersion = "Xcode 3.2";
			developmentRegion = English;
			hasScannedForEncodings = 0;
			knownRegions = (
				en,
				Base,
			);
			mainGroup = 8CAAD1C319FF4C86001A9E8A;
			productRefGroup = 8CAAD1CD19FF4C86001A9E8A /* Products */;
			projectDirPath = "";
			projectRoot = "";
			targets = (
				8CAAD1CB19FF4C86001A9E8A /* AcroFinder */,
				8CAAD1E219FF4C86001A9E8A /* AcroFinderTests */,
			);
		};
/* End PBXProject section */

/* Begin PBXResourcesBuildPhase section */
		8CAAD1CA19FF4C86001A9E8A /* Resources */ = {
			isa = PBXResourcesBuildPhase;
			buildActionMask = 2147483647;
			files = (
				D7661BDB1ACBFCBF0051E471 /* Main.storyboard in Resources */,
				58AADFAD1AB48AE400224403 /* favStarYellow.png in Resources */,
				58AADFAC1AB48AE400224403 /* favStarBlank.png in Resources */,
				D7B906AE1ACAFE6F005A3723 /* acrofinder.plist in Resources */,
				8CAAD1DB19FF4C86001A9E8A /* Images.xcassets in Resources */,
			);
			runOnlyForDeploymentPostprocessing = 0;
		};
		8CAAD1E119FF4C86001A9E8A /* Resources */ = {
			isa = PBXResourcesBuildPhase;
			buildActionMask = 2147483647;
			files = (
			);
			runOnlyForDeploymentPostprocessing = 0;
		};
/* End PBXResourcesBuildPhase section */

/* Begin PBXSourcesBuildPhase section */
		8CAAD1C819FF4C86001A9E8A /* Sources */ = {
			isa = PBXSourcesBuildPhase;
			buildActionMask = 2147483647;
			files = (
				F663AA6C1B86BC7D00EB9AD5 /* MostViewedTableViewCell.swift in Sources */,
				925FA62E1AB35E0C003017A1 /* SearchResultsViewController.swift in Sources */,
				8C47A46A1AC4AE5B004DB0CE /* HelpViewController.swift in Sources */,
				F6B256B71B8B2EAC007B7509 /* SwiftyJSON.swift in Sources */,
				F663AA6E1B86BC8800EB9AD5 /* NewAcroController.swift in Sources */,
				925FA62B1AB35E0C003017A1 /* HistoryViewController.swift in Sources */,
				925FA63C1AB35E47003017A1 /* acroHistory.swift in Sources */,
				D76919621AC0A2F0009FAC43 /* GoogleWebController.swift in Sources */,
				F663AA761B86BD6100EB9AD5 /* acroFlag.swift in Sources */,
				925FA62F1AB35E0C003017A1 /* SearchViewController.swift in Sources */,
				F663AA681B86BC6B00EB9AD5 /* HistoryTableViewCell.swift in Sources */,
				925FA63B1AB35E47003017A1 /* acroFavorites.swift in Sources */,
				F663AA661B86BC6100EB9AD5 /* FavoritesTableViewCell.swift in Sources */,
				925FA62A1AB35E0C003017A1 /* FavoritesViewController.swift in Sources */,
				8CAAD1D219FF4C86001A9E8A /* AppDelegate.swift in Sources */,
				925FA6321AB35E0C003017A1 /* WebViewController.swift in Sources */,
				D76919601AC09EB9009FAC43 /* NotFoundController.swift in Sources */,
				8CB9DCBC1AACF50800A85961 /* AcroFinder.xcdatamodeld in Sources */,
				F663AA701B86BD4700EB9AD5 /* acroPopular.swift in Sources */,
				F663AA721B86BD4F00EB9AD5 /* backgroundMgr.swift in Sources */,
				925FA62C1AB35E0C003017A1 /* MostViewedController.swift in Sources */,
				741146DE1B8B88C500A26312 /* AFMeaning.swift in Sources */,
				F663AA641B86BC5300EB9AD5 /* AboutAcroFinderController.swift in Sources */,
				925FA6291AB35E0C003017A1 /* BackgroundColorController.swift in Sources */,
				F663AA6A1B86BC7400EB9AD5 /* LegalViewController.swift in Sources */,
				925FA63D1AB35E47003017A1 /* acroMain.swift in Sources */,
				925FA6301AB35E0C003017A1 /* SettingsViewController.swift in Sources */,
				741147061B90AC2400A26312 /* MQAExceptionHandler.m in Sources */,
				925FA6281AB35E0C003017A1 /* AboutViewController.swift in Sources */,
				741146DC1B8B887C00A26312 /* AFAcronym.swift in Sources */,
				925FA62D1AB35E0C003017A1 /* ResultsTableViewCell.swift in Sources */,
			);
			runOnlyForDeploymentPostprocessing = 0;
		};
		8CAAD1DF19FF4C86001A9E8A /* Sources */ = {
			isa = PBXSourcesBuildPhase;
			buildActionMask = 2147483647;
			files = (
				8CAAD1EA19FF4C86001A9E8A /* AcroFinderTests.swift in Sources */,
			);
			runOnlyForDeploymentPostprocessing = 0;
		};
/* End PBXSourcesBuildPhase section */

/* Begin PBXTargetDependency section */
		8CAAD1E519FF4C86001A9E8A /* PBXTargetDependency */ = {
			isa = PBXTargetDependency;
			target = 8CAAD1CB19FF4C86001A9E8A /* AcroFinder */;
			targetProxy = 8CAAD1E419FF4C86001A9E8A /* PBXContainerItemProxy */;
		};
/* End PBXTargetDependency section */

/* Begin PBXVariantGroup section */
		4B8172761A41E491008FC2A2 /* Main.storyboard */ = {
			isa = PBXVariantGroup;
			children = (
				4B8172771A41E491008FC2A2 /* Base */,
			);
			name = Main.storyboard;
			sourceTree = "<group>";
		};
		8CAAD1DC19FF4C86001A9E8A /* LaunchScreen.xib */ = {
			isa = PBXVariantGroup;
			children = (
				8CAAD1DD19FF4C86001A9E8A /* Base */,
			);
			name = LaunchScreen.xib;
			sourceTree = "<group>";
		};
/* End PBXVariantGroup section */

/* Begin XCBuildConfiguration section */
		8CAAD1EB19FF4C86001A9E8A /* Debug */ = {
			isa = XCBuildConfiguration;
			buildSettings = {
				ALWAYS_SEARCH_USER_PATHS = NO;
				CLANG_CXX_LANGUAGE_STANDARD = "gnu++0x";
				CLANG_CXX_LIBRARY = "libc++";
				CLANG_ENABLE_MODULES = YES;
				CLANG_ENABLE_OBJC_ARC = YES;
				CLANG_WARN_BOOL_CONVERSION = YES;
				CLANG_WARN_CONSTANT_CONVERSION = YES;
				CLANG_WARN_DIRECT_OBJC_ISA_USAGE = YES_ERROR;
				CLANG_WARN_EMPTY_BODY = YES;
				CLANG_WARN_ENUM_CONVERSION = YES;
				CLANG_WARN_INT_CONVERSION = YES;
				CLANG_WARN_OBJC_ROOT_CLASS = YES_ERROR;
				CLANG_WARN_UNREACHABLE_CODE = YES;
				CLANG_WARN__DUPLICATE_METHOD_MATCH = YES;
				"CODE_SIGN_IDENTITY[sdk=iphoneos*]" = "iPhone Developer";
				COPY_PHASE_STRIP = NO;
				ENABLE_STRICT_OBJC_MSGSEND = YES;
				GCC_C_LANGUAGE_STANDARD = gnu99;
				GCC_DYNAMIC_NO_PIC = NO;
				GCC_OPTIMIZATION_LEVEL = 0;
				GCC_PREPROCESSOR_DEFINITIONS = (
					"DEBUG=1",
					"$(inherited)",
				);
				GCC_SYMBOLS_PRIVATE_EXTERN = NO;
				GCC_WARN_64_TO_32_BIT_CONVERSION = YES;
				GCC_WARN_ABOUT_RETURN_TYPE = YES_ERROR;
				GCC_WARN_UNDECLARED_SELECTOR = YES;
				GCC_WARN_UNINITIALIZED_AUTOS = YES_AGGRESSIVE;
				GCC_WARN_UNUSED_FUNCTION = YES;
				GCC_WARN_UNUSED_VARIABLE = YES;
				IPHONEOS_DEPLOYMENT_TARGET = 8.0;
				MTL_ENABLE_DEBUG_INFO = YES;
				ONLY_ACTIVE_ARCH = YES;
				SDKROOT = iphoneos;
				SWIFT_OPTIMIZATION_LEVEL = "-O";
			};
			name = Debug;
		};
		8CAAD1EC19FF4C86001A9E8A /* Release */ = {
			isa = XCBuildConfiguration;
			buildSettings = {
				ALWAYS_SEARCH_USER_PATHS = NO;
				CLANG_CXX_LANGUAGE_STANDARD = "gnu++0x";
				CLANG_CXX_LIBRARY = "libc++";
				CLANG_ENABLE_MODULES = YES;
				CLANG_ENABLE_OBJC_ARC = YES;
				CLANG_WARN_BOOL_CONVERSION = YES;
				CLANG_WARN_CONSTANT_CONVERSION = YES;
				CLANG_WARN_DIRECT_OBJC_ISA_USAGE = YES_ERROR;
				CLANG_WARN_EMPTY_BODY = YES;
				CLANG_WARN_ENUM_CONVERSION = YES;
				CLANG_WARN_INT_CONVERSION = YES;
				CLANG_WARN_OBJC_ROOT_CLASS = YES_ERROR;
				CLANG_WARN_UNREACHABLE_CODE = YES;
				CLANG_WARN__DUPLICATE_METHOD_MATCH = YES;
				"CODE_SIGN_IDENTITY[sdk=iphoneos*]" = "iPhone Developer";
				COPY_PHASE_STRIP = YES;
				ENABLE_NS_ASSERTIONS = NO;
				ENABLE_STRICT_OBJC_MSGSEND = YES;
				GCC_C_LANGUAGE_STANDARD = gnu99;
				GCC_WARN_64_TO_32_BIT_CONVERSION = YES;
				GCC_WARN_ABOUT_RETURN_TYPE = YES_ERROR;
				GCC_WARN_UNDECLARED_SELECTOR = YES;
				GCC_WARN_UNINITIALIZED_AUTOS = YES_AGGRESSIVE;
				GCC_WARN_UNUSED_FUNCTION = YES;
				GCC_WARN_UNUSED_VARIABLE = YES;
				IPHONEOS_DEPLOYMENT_TARGET = 8.0;
				MTL_ENABLE_DEBUG_INFO = NO;
				SDKROOT = iphoneos;
				SWIFT_OPTIMIZATION_LEVEL = "-O";
				VALIDATE_PRODUCT = YES;
			};
			name = Release;
		};
		8CAAD1EE19FF4C86001A9E8A /* Debug */ = {
			isa = XCBuildConfiguration;
			buildSettings = {
				ASSETCATALOG_COMPILER_APPICON_NAME = AppIcon;
				CLANG_ALLOW_NON_MODULAR_INCLUDES_IN_FRAMEWORK_MODULES = YES;
				CLANG_ENABLE_MODULES = YES;
				CODE_SIGN_IDENTITY = "iPhone Developer";
				"CODE_SIGN_IDENTITY[sdk=iphoneos*]" = "iPhone Developer";
				FRAMEWORK_SEARCH_PATHS = (
					"$(inherited)",
					/Users/michaelramos/Downloads,
				);
				INFOPLIST_FILE = AcroFinder/Info.plist;
				IPHONEOS_DEPLOYMENT_TARGET = 8.0;
				LD_RUNPATH_SEARCH_PATHS = "$(inherited) @executable_path/Frameworks";
				"OTHER_LDFLAGS[arch=*]" = "-ObjC";
				PRODUCT_NAME = "$(TARGET_NAME)";
				PROVISIONING_PROFILE = "";
				SDKROOT = iphoneos;
				SWIFT_OBJC_BRIDGING_HEADER = "AcroFinder/AcroFinder-Bridging-Header.h";
				"SWIFT_OBJC_BRIDGING_HEADER[arch=*]" = "AcroFinder/AcroFinder-Bridging-Header.h";
				SWIFT_OPTIMIZATION_LEVEL = "-Onone";
			};
			name = Debug;
		};
		8CAAD1EF19FF4C86001A9E8A /* Release */ = {
			isa = XCBuildConfiguration;
			buildSettings = {
				ASSETCATALOG_COMPILER_APPICON_NAME = AppIcon;
				CLANG_ALLOW_NON_MODULAR_INCLUDES_IN_FRAMEWORK_MODULES = YES;
				CLANG_ENABLE_MODULES = YES;
				CODE_SIGN_IDENTITY = "iPhone Developer";
				"CODE_SIGN_IDENTITY[sdk=iphoneos*]" = "iPhone Developer";
				FRAMEWORK_SEARCH_PATHS = (
					"$(inherited)",
					/Users/michaelramos/Downloads,
				);
				INFOPLIST_FILE = AcroFinder/Info.plist;
				IPHONEOS_DEPLOYMENT_TARGET = 8.0;
				LD_RUNPATH_SEARCH_PATHS = "$(inherited) @executable_path/Frameworks";
				"OTHER_LDFLAGS[arch=*]" = "-ObjC";
				PRODUCT_NAME = "$(TARGET_NAME)";
				PROVISIONING_PROFILE = "";
				SDKROOT = iphoneos;
				SWIFT_OBJC_BRIDGING_HEADER = "AcroFinder/AcroFinder-Bridging-Header.h";
				"SWIFT_OBJC_BRIDGING_HEADER[arch=*]" = "AcroFinder/AcroFinder-Bridging-Header.h";
				SWIFT_OPTIMIZATION_LEVEL = "-O";
			};
			name = Release;
		};
		8CAAD1F119FF4C86001A9E8A /* Debug */ = {
			isa = XCBuildConfiguration;
			buildSettings = {
				BUNDLE_LOADER = "$(TEST_HOST)";
				FRAMEWORK_SEARCH_PATHS = (
					"$(SDKROOT)/Developer/Library/Frameworks",
					"$(inherited)",
				);
				GCC_PREPROCESSOR_DEFINITIONS = (
					"DEBUG=1",
					"$(inherited)",
				);
				INFOPLIST_FILE = AcroFinderTests/Info.plist;
				LD_RUNPATH_SEARCH_PATHS = "$(inherited) @executable_path/Frameworks @loader_path/Frameworks";
				PRODUCT_NAME = "$(TARGET_NAME)";
				TEST_HOST = "$(BUILT_PRODUCTS_DIR)/AcroFinder.app/AcroFinder";
			};
			name = Debug;
		};
		8CAAD1F219FF4C86001A9E8A /* Release */ = {
			isa = XCBuildConfiguration;
			buildSettings = {
				BUNDLE_LOADER = "$(TEST_HOST)";
				FRAMEWORK_SEARCH_PATHS = (
					"$(SDKROOT)/Developer/Library/Frameworks",
					"$(inherited)",
				);
				INFOPLIST_FILE = AcroFinderTests/Info.plist;
				LD_RUNPATH_SEARCH_PATHS = "$(inherited) @executable_path/Frameworks @loader_path/Frameworks";
				PRODUCT_NAME = "$(TARGET_NAME)";
				TEST_HOST = "$(BUILT_PRODUCTS_DIR)/AcroFinder.app/AcroFinder";
			};
			name = Release;
		};
/* End XCBuildConfiguration section */

/* Begin XCConfigurationList section */
		8CAAD1C719FF4C86001A9E8A /* Build configuration list for PBXProject "AcroFinder" */ = {
			isa = XCConfigurationList;
			buildConfigurations = (
				8CAAD1EB19FF4C86001A9E8A /* Debug */,
				8CAAD1EC19FF4C86001A9E8A /* Release */,
			);
			defaultConfigurationIsVisible = 0;
			defaultConfigurationName = Release;
		};
		8CAAD1ED19FF4C86001A9E8A /* Build configuration list for PBXNativeTarget "AcroFinder" */ = {
			isa = XCConfigurationList;
			buildConfigurations = (
				8CAAD1EE19FF4C86001A9E8A /* Debug */,
				8CAAD1EF19FF4C86001A9E8A /* Release */,
			);
			defaultConfigurationIsVisible = 0;
			defaultConfigurationName = Release;
		};
		8CAAD1F019FF4C86001A9E8A /* Build configuration list for PBXNativeTarget "AcroFinderTests" */ = {
			isa = XCConfigurationList;
			buildConfigurations = (
				8CAAD1F119FF4C86001A9E8A /* Debug */,
				8CAAD1F219FF4C86001A9E8A /* Release */,
			);
			defaultConfigurationIsVisible = 0;
			defaultConfigurationName = Release;
		};
/* End XCConfigurationList section */

/* Begin XCVersionGroup section */
		8CB9DCBA1AACF50800A85961 /* AcroFinder.xcdatamodeld */ = {
			isa = XCVersionGroup;
			children = (
				8CB9DCBB1AACF50800A85961 /* AcroFinder.xcdatamodel */,
			);
			currentVersion = 8CB9DCBB1AACF50800A85961 /* AcroFinder.xcdatamodel */;
			path = AcroFinder.xcdatamodeld;
			sourceTree = "<group>";
			versionGroupType = wrapper.xcdatamodel;
		};
/* End XCVersionGroup section */
	};
	rootObject = 8CAAD1C419FF4C86001A9E8A /* Project object */;
}
